// !$*UTF8*$!
{
	archiveVersion = 1;
	classes = {
	};
	objectVersion = 50;
	objects = {

/* Begin PBXBuildFile section */
		AB15E277222D0FF500EDA9EB /* DSBoxer.m in Sources */ = {isa = PBXBuildFile; fileRef = AB15E276222D0FF500EDA9EB /* DSBoxer.m */; };
		ABA52F36222BD05A00762BBD /* AppDelegate.m in Sources */ = {isa = PBXBuildFile; fileRef = ABA52F35222BD05A00762BBD /* AppDelegate.m */; };
		ABA52F39222BD05A00762BBD /* ViewController.m in Sources */ = {isa = PBXBuildFile; fileRef = ABA52F38222BD05A00762BBD /* ViewController.m */; };
		ABA52F3E222BD05E00762BBD /* Assets.xcassets in Resources */ = {isa = PBXBuildFile; fileRef = ABA52F3D222BD05E00762BBD /* Assets.xcassets */; };
		ABA52F41222BD05E00762BBD /* LaunchScreen.storyboard in Resources */ = {isa = PBXBuildFile; fileRef = ABA52F3F222BD05E00762BBD /* LaunchScreen.storyboard */; };
		ABA52F44222BD05E00762BBD /* main.m in Sources */ = {isa = PBXBuildFile; fileRef = ABA52F43222BD05E00762BBD /* main.m */; };
/* End PBXBuildFile section */

/* Begin PBXFileReference section */
		AB15E275222D0FF500EDA9EB /* DSBoxer.h */ = {isa = PBXFileReference; lastKnownFileType = sourcecode.c.h; path = DSBoxer.h; sourceTree = "<group>"; };
		AB15E276222D0FF500EDA9EB /* DSBoxer.m */ = {isa = PBXFileReference; lastKnownFileType = sourcecode.c.objc; path = DSBoxer.m; sourceTree = "<group>"; };
		ABA52F31222BD05A00762BBD /* SK-Lesson-3.app */ = {isa = PBXFileReference; explicitFileType = wrapper.application; includeInIndex = 0; path = "SK-Lesson-3.app"; sourceTree = BUILT_PRODUCTS_DIR; };
		ABA52F34222BD05A00762BBD /* AppDelegate.h */ = {isa = PBXFileReference; lastKnownFileType = sourcecode.c.h; path = AppDelegate.h; sourceTree = "<group>"; };
		ABA52F35222BD05A00762BBD /* AppDelegate.m */ = {isa = PBXFileReference; lastKnownFileType = sourcecode.c.objc; path = AppDelegate.m; sourceTree = "<group>"; };
		ABA52F37222BD05A00762BBD /* ViewController.h */ = {isa = PBXFileReference; lastKnownFileType = sourcecode.c.h; path = ViewController.h; sourceTree = "<group>"; };
		ABA52F38222BD05A00762BBD /* ViewController.m */ = {isa = PBXFileReference; lastKnownFileType = sourcecode.c.objc; path = ViewController.m; sourceTree = "<group>"; };
		ABA52F3D222BD05E00762BBD /* Assets.xcassets */ = {isa = PBXFileReference; lastKnownFileType = folder.assetcatalog; path = Assets.xcassets; sourceTree = "<group>"; };
		ABA52F40222BD05E00762BBD /* Base */ = {isa = PBXFileReference; lastKnownFileType = file.storyboard; name = Base; path = Base.lproj/LaunchScreen.storyboard; sourceTree = "<group>"; };
		ABA52F42222BD05E00762BBD /* Info.plist */ = {isa = PBXFileReference; lastKnownFileType = text.plist.xml; path = Info.plist; sourceTree = "<group>"; };
		ABA52F43222BD05E00762BBD /* main.m */ = {isa = PBXFileReference; lastKnownFileType = sourcecode.c.objc; path = main.m; sourceTree = "<group>"; };
/* End PBXFileReference section */

/* Begin PBXFrameworksBuildPhase section */
		ABA52F2E222BD05A00762BBD /* Frameworks */ = {
			isa = PBXFrameworksBuildPhase;
			buildActionMask = 2147483647;
			files = (
			);
			runOnlyForDeploymentPostprocessing = 0;
		};
/* End PBXFrameworksBuildPhase section */

/* Begin PBXGroup section */
		ABA52F28222BD05A00762BBD = {
			isa = PBXGroup;
			children = (
				ABA52F33222BD05A00762BBD /* SK-Lesson-3 */,
				ABA52F32222BD05A00762BBD /* Products */,
			);
			sourceTree = "<group>";
		};
		ABA52F32222BD05A00762BBD /* Products */ = {
			isa = PBXGroup;
			children = (
				ABA52F31222BD05A00762BBD /* SK-Lesson-3.app */,
			);
			name = Products;
			sourceTree = "<group>";
		};
		ABA52F33222BD05A00762BBD /* SK-Lesson-3 */ = {
			isa = PBXGroup;
			children = (
				AB15E275222D0FF500EDA9EB /* DSBoxer.h */,
				AB15E276222D0FF500EDA9EB /* DSBoxer.m */,
				ABA52F34222BD05A00762BBD /* AppDelegate.h */,
				ABA52F35222BD05A00762BBD /* AppDelegate.m */,
				ABA52F37222BD05A00762BBD /* ViewController.h */,
				ABA52F38222BD05A00762BBD /* ViewController.m */,
				ABA52F3D222BD05E00762BBD /* Assets.xcassets */,
				ABA52F3F222BD05E00762BBD /* LaunchScreen.storyboard */,
				ABA52F42222BD05E00762BBD /* Info.plist */,
				ABA52F43222BD05E00762BBD /* main.m */,
			);
			path = "SK-Lesson-3";
			sourceTree = "<group>";
		};
/* End PBXGroup section */

/* Begin PBXNativeTarget section */
		ABA52F30222BD05A00762BBD /* SK-Lesson-3 */ = {
			isa = PBXNativeTarget;
			buildConfigurationList = ABA52F47222BD05E00762BBD /* Build configuration list for PBXNativeTarget "SK-Lesson-3" */;
			buildPhases = (
				ABA52F2D222BD05A00762BBD /* Sources */,
				ABA52F2E222BD05A00762BBD /* Frameworks */,
				ABA52F2F222BD05A00762BBD /* Resources */,
			);
			buildRules = (
			);
			dependencies = (
			);
			name = "SK-Lesson-3";
			productName = "SK-Lesson-3";
			productReference = ABA52F31222BD05A00762BBD /* SK-Lesson-3.app */;
			productType = "com.apple.product-type.application";
		};
/* End PBXNativeTarget section */

/* Begin PBXProject section */
		ABA52F29222BD05A00762BBD /* Project object */ = {
			isa = PBXProject;
			attributes = {
				LastUpgradeCheck = 1010;
				ORGANIZATIONNAME = "Dmitry Shapkin";
				TargetAttributes = {
					ABA52F30222BD05A00762BBD = {
						CreatedOnToolsVersion = 10.1;
					};
				};
			};
			buildConfigurationList = ABA52F2C222BD05A00762BBD /* Build configuration list for PBXProject "SK-Lesson-3" */;
			compatibilityVersion = "Xcode 9.3";
			developmentRegion = en;
			hasScannedForEncodings = 0;
			knownRegions = (
				en,
				Base,
			);
			mainGroup = ABA52F28222BD05A00762BBD;
			productRefGroup = ABA52F32222BD05A00762BBD /* Products */;
			projectDirPath = "";
			projectRoot = "";
			targets = (
				ABA52F30222BD05A00762BBD /* SK-Lesson-3 */,
			);
		};
/* End PBXProject section */

/* Begin PBXResourcesBuildPhase section */
		ABA52F2F222BD05A00762BBD /* Resources */ = {
			isa = PBXResourcesBuildPhase;
			buildActionMask = 2147483647;
			files = (
				ABA52F41222BD05E00762BBD /* LaunchScreen.storyboard in Resources */,
				ABA52F3E222BD05E00762BBD /* Assets.xcassets in Resources */,
			);
			runOnlyForDeploymentPostprocessing = 0;
		};
/* End PBXResourcesBuildPhase section */

/* Begin PBXSourcesBuildPhase section */
		ABA52F2D222BD05A00762BBD /* Sources */ = {
			isa = PBXSourcesBuildPhase;
			buildActionMask = 2147483647;
			files = (
				ABA52F39222BD05A00762BBD /* ViewController.m in Sources */,
				ABA52F44222BD05E00762BBD /* main.m in Sources */,
				ABA52F36222BD05A00762BBD /* AppDelegate.m in Sources */,
				AB15E277222D0FF500EDA9EB /* DSBoxer.m in Sources */,
			);
			runOnlyForDeploymentPostprocessing = 0;
		};
/* End PBXSourcesBuildPhase section */

/* Begin PBXVariantGroup section */
		ABA52F3F222BD05E00762BBD /* LaunchScreen.storyboard */ = {
			isa = PBXVariantGroup;
			children = (
				ABA52F40222BD05E00762BBD /* Base */,
			);
			name = LaunchScreen.storyboard;
			sourceTree = "<group>";
		};
/* End PBXVariantGroup section */

/* Begin XCBuildConfiguration section */
		ABA52F45222BD05E00762BBD /* Debug */ = {
			isa = XCBuildConfiguration;
			buildSettings = {
				ALWAYS_SEARCH_USER_PATHS = NO;
				CLANG_ANALYZER_NONNULL = YES;
				CLANG_ANALYZER_NUMBER_OBJECT_CONVERSION = YES_AGGRESSIVE;
				CLANG_CXX_LANGUAGE_STANDARD = "gnu++14";
				CLANG_CXX_LIBRARY = "libc++";
				CLANG_ENABLE_MODULES = YES;
				CLANG_ENABLE_OBJC_ARC = YES;
				CLANG_ENABLE_OBJC_WEAK = YES;
				CLANG_WARN_BLOCK_CAPTURE_AUTORELEASING = YES;
				CLANG_WARN_BOOL_CONVERSION = YES;
				CLANG_WARN_COMMA = YES;
				CLANG_WARN_CONSTANT_CONVERSION = YES;
				CLANG_WARN_DEPRECATED_OBJC_IMPLEMENTATIONS = YES;
				CLANG_WARN_DIRECT_OBJC_ISA_USAGE = YES_ERROR;
				CLANG_WARN_DOCUMENTATION_COMMENTS = YES;
				CLANG_WARN_EMPTY_BODY = YES;
				CLANG_WARN_ENUM_CONVERSION = YES;
				CLANG_WARN_INFINITE_RECURSION = YES;
				CLANG_WARN_INT_CONVERSION = YES;
				CLANG_WARN_NON_LITERAL_NULL_CONVERSION = YES;
				CLANG_WARN_OBJC_IMPLICIT_RETAIN_SELF = YES;
				CLANG_WARN_OBJC_LITERAL_CONVERSION = YES;
				CLANG_WARN_OBJC_ROOT_CLASS = YES_ERROR;
				CLANG_WARN_RANGE_LOOP_ANALYSIS = YES;
				CLANG_WARN_STRICT_PROTOTYPES = YES;
				CLANG_WARN_SUSPICIOUS_MOVE = YES;
				CLANG_WARN_UNGUARDED_AVAILABILITY = YES_AGGRESSIVE;
				CLANG_WARN_UNREACHABLE_CODE = YES;
				CLANG_WARN__DUPLICATE_METHOD_MATCH = YES;
				CODE_SIGN_IDENTITY = "iPhone Developer";
				COPY_PHASE_STRIP = NO;
				DEBUG_INFORMATION_FORMAT = dwarf;
				ENABLE_STRICT_OBJC_MSGSEND = YES;
				ENABLE_TESTABILITY = YES;
				GCC_C_LANGUAGE_STANDARD = gnu11;
				GCC_DYNAMIC_NO_PIC = NO;
				GCC_NO_COMMON_BLOCKS = YES;
				GCC_OPTIMIZATION_LEVEL = 0;
				GCC_PREPROCESSOR_DEFINITIONS = (
					"DEBUG=1",
					"$(inherited)",
				);
				GCC_WARN_64_TO_32_BIT_CONVERSION = YES;
				GCC_WARN_ABOUT_RETURN_TYPE = YES_ERROR;
				GCC_WARN_UNDECLARED_SELECTOR = YES;
				GCC_WARN_UNINITIALIZED_AUTOS = YES_AGGRESSIVE;
				GCC_WARN_UNUSED_FUNCTION = YES;
				GCC_WARN_UNUSED_VARIABLE = YES;
				IPHONEOS_DEPLOYMENT_TARGET = 12.1;
				MTL_ENABLE_DEBUG_INFO = INCLUDE_SOURCE;
				MTL_FAST_MATH = YES;
				ONLY_ACTIVE_ARCH = YES;
				SDKROOT = iphoneos;
			};
			name = Debug;
		};
		ABA52F46222BD05E00762BBD /* Release */ = {
			isa = XCBuildConfiguration;
			buildSettings = {
				ALWAYS_SEARCH_USER_PATHS = NO;
				CLANG_ANALYZER_NONNULL = YES;
				CLANG_ANALYZER_NUMBER_OBJECT_CONVERSION = YES_AGGRESSIVE;
				CLANG_CXX_LANGUAGE_STANDARD = "gnu++14";
				CLANG_CXX_LIBRARY = "libc++";
				CLANG_ENABLE_MODULES = YES;
				CLANG_ENABLE_OBJC_ARC = YES;
				CLANG_ENABLE_OBJC_WEAK = YES;
				CLANG_WARN_BLOCK_CAPTURE_AUTORELEASING = YES;
				CLANG_WARN_BOOL_CONVERSION = YES;
				CLANG_WARN_COMMA = YES;
				CLANG_WARN_CONSTANT_CONVERSION = YES;
				CLANG_WARN_DEPRECATED_OBJC_IMPLEMENTATIONS = YES;
				CLANG_WARN_DIRECT_OBJC_ISA_USAGE = YES_ERROR;
				CLANG_WARN_DOCUMENTATION_COMMENTS = YES;
				CLANG_WARN_EMPTY_BODY = YES;
				CLANG_WARN_ENUM_CONVERSION = YES;
				CLANG_WARN_INFINITE_RECURSION = YES;
				CLANG_WARN_INT_CONVERSION = YES;
				CLANG_WARN_NON_LITERAL_NULL_CONVERSION = YES;
				CLANG_WARN_OBJC_IMPLICIT_RETAIN_SELF = YES;
				CLANG_WARN_OBJC_LITERAL_CONVERSION = YES;
				CLANG_WARN_OBJC_ROOT_CLASS = YES_ERROR;
				CLANG_WARN_RANGE_LOOP_ANALYSIS = YES;
				CLANG_WARN_STRICT_PROTOTYPES = YES;
				CLANG_WARN_SUSPICIOUS_MOVE = YES;
				CLANG_WARN_UNGUARDED_AVAILABILITY = YES_AGGRESSIVE;
				CLANG_WARN_UNREACHABLE_CODE = YES;
				CLANG_WARN__DUPLICATE_METHOD_MATCH = YES;
				CODE_SIGN_IDENTITY = "iPhone Developer";
				COPY_PHASE_STRIP = NO;
				DEBUG_INFORMATION_FORMAT = "dwarf-with-dsym";
				ENABLE_NS_ASSERTIONS = NO;
				ENABLE_STRICT_OBJC_MSGSEND = YES;
				GCC_C_LANGUAGE_STANDARD = gnu11;
				GCC_NO_COMMON_BLOCKS = YES;
				GCC_WARN_64_TO_32_BIT_CONVERSION = YES;
				GCC_WARN_ABOUT_RETURN_TYPE = YES_ERROR;
				GCC_WARN_UNDECLARED_SELECTOR = YES;
				GCC_WARN_UNINITIALIZED_AUTOS = YES_AGGRESSIVE;
				GCC_WARN_UNUSED_FUNCTION = YES;
				GCC_WARN_UNUSED_VARIABLE = YES;
				IPHONEOS_DEPLOYMENT_TARGET = 12.1;
				MTL_ENABLE_DEBUG_INFO = NO;
				MTL_FAST_MATH = YES;
				SDKROOT = iphoneos;
				VALIDATE_PRODUCT = YES;
			};
			name = Release;
		};
		ABA52F48222BD05E00762BBD /* Debug */ = {
			isa = XCBuildConfiguration;
			buildSettings = {
				ASSETCATALOG_COMPILER_APPICON_NAME = AppIcon;
				CODE_SIGN_STYLE = Automatic;
				DEVELOPMENT_TEAM = N52WYVQTKK;
				INFOPLIST_FILE = "SK-Lesson-3/Info.plist";
				LD_RUNPATH_SEARCH_PATHS = (
					"$(inherited)",
					"@executable_path/Frameworks",
				);
				PRODUCT_BUNDLE_IDENTIFIER = "ru.shapkindev.SK-Lesson-3";
				PRODUCT_NAME = "$(TARGET_NAME)";
				TARGETED_DEVICE_FAMILY = "1,2";
			};
			name = Debug;
		};
		ABA52F49222BD05E00762BBD /* Release */ = {
			isa = XCBuildConfiguration;
			buildSettings = {
				ASSETCATALOG_COMPILER_APPICON_NAME = AppIcon;
				CODE_SIGN_STYLE = Automatic;
				DEVELOPMENT_TEAM = N52WYVQTKK;
				INFOPLIST_FILE = "SK-Lesson-3/Info.plist";
				LD_RUNPATH_SEARCH_PATHS = (
					"$(inherited)",
					"@executable_path/Frameworks",
				);
				PRODUCT_BUNDLE_IDENTIFIER = "ru.shapkindev.SK-Lesson-3";
				PRODUCT_NAME = "$(TARGET_NAME)";
				TARGETED_DEVICE_FAMILY = "1,2";
			};
			name = Release;
		};
/* End XCBuildConfiguration section */

/* Begin XCConfigurationList section */
		ABA52F2C222BD05A00762BBD /* Build configuration list for PBXProject "SK-Lesson-3" */ = {
			isa = XCConfigurationList;
			buildConfigurations = (
				ABA52F45222BD05E00762BBD /* Debug */,
				ABA52F46222BD05E00762BBD /* Release */,
			);
			defaultConfigurationIsVisible = 0;
			defaultConfigurationName = Release;
		};
		ABA52F47222BD05E00762BBD /* Build configuration list for PBXNativeTarget "SK-Lesson-3" */ = {
			isa = XCConfigurationList;
			buildConfigurations = (
				ABA52F48222BD05E00762BBD /* Debug */,
				ABA52F49222BD05E00762BBD /* Release */,
			);
			defaultConfigurationIsVisible = 0;
			defaultConfigurationName = Release;
		};
/* End XCConfigurationList section */
	};
	rootObject = ABA52F29222BD05A00762BBD /* Project object */;
}
