// !$*UTF8*$!
{
	archiveVersion = 1;
	classes = {
	};
	objectVersion = 50;
	objects = {

/* Begin PBXBuildFile section */
		AB144F2C2255E84E0020E68E /* DSStudent+CoreDataClass.m in Sources */ = {isa = PBXBuildFile; fileRef = AB144F2A2255E84E0020E68E /* DSStudent+CoreDataClass.m */; };
		AB144F2D2255E84E0020E68E /* DSStudent+CoreDataProperties.m in Sources */ = {isa = PBXBuildFile; fileRef = AB144F2B2255E84E0020E68E /* DSStudent+CoreDataProperties.m */; };
		AB144F322255F4040020E68E /* DSCar+CoreDataClass.m in Sources */ = {isa = PBXBuildFile; fileRef = AB144F302255F4040020E68E /* DSCar+CoreDataClass.m */; };
		AB144F332255F4040020E68E /* DSCar+CoreDataProperties.m in Sources */ = {isa = PBXBuildFile; fileRef = AB144F312255F4040020E68E /* DSCar+CoreDataProperties.m */; };
		AB144F38225605FC0020E68E /* DSObject+CoreDataClass.m in Sources */ = {isa = PBXBuildFile; fileRef = AB144F36225605FC0020E68E /* DSObject+CoreDataClass.m */; };
		AB144F39225605FC0020E68E /* DSObject+CoreDataProperties.m in Sources */ = {isa = PBXBuildFile; fileRef = AB144F37225605FC0020E68E /* DSObject+CoreDataProperties.m */; };
		AB144F3E225607FB0020E68E /* DSUniversity+CoreDataClass.m in Sources */ = {isa = PBXBuildFile; fileRef = AB144F3C225607FB0020E68E /* DSUniversity+CoreDataClass.m */; };
		AB144F3F225607FB0020E68E /* DSUniversity+CoreDataProperties.m in Sources */ = {isa = PBXBuildFile; fileRef = AB144F3D225607FB0020E68E /* DSUniversity+CoreDataProperties.m */; };
		AB144F4A225613750020E68E /* DSCourse+CoreDataClass.m in Sources */ = {isa = PBXBuildFile; fileRef = AB144F48225613750020E68E /* DSCourse+CoreDataClass.m */; };
		AB144F4B225613750020E68E /* DSCourse+CoreDataProperties.m in Sources */ = {isa = PBXBuildFile; fileRef = AB144F49225613750020E68E /* DSCourse+CoreDataProperties.m */; };
		ABE84BDD2255DF3E00EFA77A /* AppDelegate.m in Sources */ = {isa = PBXBuildFile; fileRef = ABE84BDC2255DF3E00EFA77A /* AppDelegate.m */; };
		ABE84BE02255DF3E00EFA77A /* ViewController.m in Sources */ = {isa = PBXBuildFile; fileRef = ABE84BDF2255DF3E00EFA77A /* ViewController.m */; };
		ABE84BE32255DF3E00EFA77A /* Main.storyboard in Resources */ = {isa = PBXBuildFile; fileRef = ABE84BE12255DF3E00EFA77A /* Main.storyboard */; };
		ABE84BE62255DF3E00EFA77A /* SK_Lesson_42_CoreData_Part_2_Relationships.xcdatamodeld in Sources */ = {isa = PBXBuildFile; fileRef = ABE84BE42255DF3E00EFA77A /* SK_Lesson_42_CoreData_Part_2_Relationships.xcdatamodeld */; };
		ABE84BE82255DF4400EFA77A /* Assets.xcassets in Resources */ = {isa = PBXBuildFile; fileRef = ABE84BE72255DF4400EFA77A /* Assets.xcassets */; };
		ABE84BEB2255DF4400EFA77A /* LaunchScreen.storyboard in Resources */ = {isa = PBXBuildFile; fileRef = ABE84BE92255DF4400EFA77A /* LaunchScreen.storyboard */; };
		ABE84BEE2255DF4400EFA77A /* main.m in Sources */ = {isa = PBXBuildFile; fileRef = ABE84BED2255DF4400EFA77A /* main.m */; };
/* End PBXBuildFile section */

/* Begin PBXFileReference section */
		AB144F282255E84E0020E68E /* DSStudent+CoreDataProperties.h */ = {isa = PBXFileReference; lastKnownFileType = sourcecode.c.h; path = "DSStudent+CoreDataProperties.h"; sourceTree = "<group>"; };
		AB144F292255E84E0020E68E /* DSStudent+CoreDataClass.h */ = {isa = PBXFileReference; lastKnownFileType = sourcecode.c.h; path = "DSStudent+CoreDataClass.h"; sourceTree = "<group>"; };
		AB144F2A2255E84E0020E68E /* DSStudent+CoreDataClass.m */ = {isa = PBXFileReference; lastKnownFileType = sourcecode.c.objc; path = "DSStudent+CoreDataClass.m"; sourceTree = "<group>"; };
		AB144F2B2255E84E0020E68E /* DSStudent+CoreDataProperties.m */ = {isa = PBXFileReference; lastKnownFileType = sourcecode.c.objc; path = "DSStudent+CoreDataProperties.m"; sourceTree = "<group>"; };
		AB144F2E2255F4040020E68E /* DSCar+CoreDataProperties.h */ = {isa = PBXFileReference; lastKnownFileType = sourcecode.c.h; path = "DSCar+CoreDataProperties.h"; sourceTree = "<group>"; };
		AB144F2F2255F4040020E68E /* DSCar+CoreDataClass.h */ = {isa = PBXFileReference; lastKnownFileType = sourcecode.c.h; path = "DSCar+CoreDataClass.h"; sourceTree = "<group>"; };
		AB144F302255F4040020E68E /* DSCar+CoreDataClass.m */ = {isa = PBXFileReference; lastKnownFileType = sourcecode.c.objc; path = "DSCar+CoreDataClass.m"; sourceTree = "<group>"; };
		AB144F312255F4040020E68E /* DSCar+CoreDataProperties.m */ = {isa = PBXFileReference; lastKnownFileType = sourcecode.c.objc; path = "DSCar+CoreDataProperties.m"; sourceTree = "<group>"; };
		AB144F34225605FC0020E68E /* DSObject+CoreDataProperties.h */ = {isa = PBXFileReference; lastKnownFileType = sourcecode.c.h; path = "DSObject+CoreDataProperties.h"; sourceTree = "<group>"; };
		AB144F35225605FC0020E68E /* DSObject+CoreDataClass.h */ = {isa = PBXFileReference; lastKnownFileType = sourcecode.c.h; path = "DSObject+CoreDataClass.h"; sourceTree = "<group>"; };
		AB144F36225605FC0020E68E /* DSObject+CoreDataClass.m */ = {isa = PBXFileReference; lastKnownFileType = sourcecode.c.objc; path = "DSObject+CoreDataClass.m"; sourceTree = "<group>"; };
		AB144F37225605FC0020E68E /* DSObject+CoreDataProperties.m */ = {isa = PBXFileReference; lastKnownFileType = sourcecode.c.objc; path = "DSObject+CoreDataProperties.m"; sourceTree = "<group>"; };
		AB144F3A225607FB0020E68E /* DSUniversity+CoreDataProperties.h */ = {isa = PBXFileReference; lastKnownFileType = sourcecode.c.h; path = "DSUniversity+CoreDataProperties.h"; sourceTree = "<group>"; };
		AB144F3B225607FB0020E68E /* DSUniversity+CoreDataClass.h */ = {isa = PBXFileReference; lastKnownFileType = sourcecode.c.h; path = "DSUniversity+CoreDataClass.h"; sourceTree = "<group>"; };
		AB144F3C225607FB0020E68E /* DSUniversity+CoreDataClass.m */ = {isa = PBXFileReference; lastKnownFileType = sourcecode.c.objc; path = "DSUniversity+CoreDataClass.m"; sourceTree = "<group>"; };
		AB144F3D225607FB0020E68E /* DSUniversity+CoreDataProperties.m */ = {isa = PBXFileReference; lastKnownFileType = sourcecode.c.objc; path = "DSUniversity+CoreDataProperties.m"; sourceTree = "<group>"; };
		AB144F46225613750020E68E /* DSCourse+CoreDataProperties.h */ = {isa = PBXFileReference; lastKnownFileType = sourcecode.c.h; path = "DSCourse+CoreDataProperties.h"; sourceTree = "<group>"; };
		AB144F47225613750020E68E /* DSCourse+CoreDataClass.h */ = {isa = PBXFileReference; lastKnownFileType = sourcecode.c.h; path = "DSCourse+CoreDataClass.h"; sourceTree = "<group>"; };
		AB144F48225613750020E68E /* DSCourse+CoreDataClass.m */ = {isa = PBXFileReference; lastKnownFileType = sourcecode.c.objc; path = "DSCourse+CoreDataClass.m"; sourceTree = "<group>"; };
		AB144F49225613750020E68E /* DSCourse+CoreDataProperties.m */ = {isa = PBXFileReference; lastKnownFileType = sourcecode.c.objc; path = "DSCourse+CoreDataProperties.m"; sourceTree = "<group>"; };
		ABE84BD82255DF3E00EFA77A /* SK-Lesson-42 CoreData Part 2 Relationships.app */ = {isa = PBXFileReference; explicitFileType = wrapper.application; includeInIndex = 0; path = "SK-Lesson-42 CoreData Part 2 Relationships.app"; sourceTree = BUILT_PRODUCTS_DIR; };
		ABE84BDB2255DF3E00EFA77A /* AppDelegate.h */ = {isa = PBXFileReference; lastKnownFileType = sourcecode.c.h; path = AppDelegate.h; sourceTree = "<group>"; };
		ABE84BDC2255DF3E00EFA77A /* AppDelegate.m */ = {isa = PBXFileReference; lastKnownFileType = sourcecode.c.objc; path = AppDelegate.m; sourceTree = "<group>"; };
		ABE84BDE2255DF3E00EFA77A /* ViewController.h */ = {isa = PBXFileReference; lastKnownFileType = sourcecode.c.h; path = ViewController.h; sourceTree = "<group>"; };
		ABE84BDF2255DF3E00EFA77A /* ViewController.m */ = {isa = PBXFileReference; lastKnownFileType = sourcecode.c.objc; path = ViewController.m; sourceTree = "<group>"; };
		ABE84BE22255DF3E00EFA77A /* Base */ = {isa = PBXFileReference; lastKnownFileType = file.storyboard; name = Base; path = Base.lproj/Main.storyboard; sourceTree = "<group>"; };
		ABE84BE52255DF3E00EFA77A /* SK_Lesson_42_CoreData_Part_2_Relationships.xcdatamodel */ = {isa = PBXFileReference; lastKnownFileType = wrapper.xcdatamodel; path = SK_Lesson_42_CoreData_Part_2_Relationships.xcdatamodel; sourceTree = "<group>"; };
		ABE84BE72255DF4400EFA77A /* Assets.xcassets */ = {isa = PBXFileReference; lastKnownFileType = folder.assetcatalog; path = Assets.xcassets; sourceTree = "<group>"; };
		ABE84BEA2255DF4400EFA77A /* Base */ = {isa = PBXFileReference; lastKnownFileType = file.storyboard; name = Base; path = Base.lproj/LaunchScreen.storyboard; sourceTree = "<group>"; };
		ABE84BEC2255DF4400EFA77A /* Info.plist */ = {isa = PBXFileReference; lastKnownFileType = text.plist.xml; path = Info.plist; sourceTree = "<group>"; };
		ABE84BED2255DF4400EFA77A /* main.m */ = {isa = PBXFileReference; lastKnownFileType = sourcecode.c.objc; path = main.m; sourceTree = "<group>"; };
/* End PBXFileReference section */

/* Begin PBXFrameworksBuildPhase section */
		ABE84BD52255DF3E00EFA77A /* Frameworks */ = {
			isa = PBXFrameworksBuildPhase;
			buildActionMask = 2147483647;
			files = (
			);
			runOnlyForDeploymentPostprocessing = 0;
		};
/* End PBXFrameworksBuildPhase section */

/* Begin PBXGroup section */
		AB144F272255E79C0020E68E /* Model */ = {
			isa = PBXGroup;
			children = (
				AB144F47225613750020E68E /* DSCourse+CoreDataClass.h */,
				AB144F48225613750020E68E /* DSCourse+CoreDataClass.m */,
				AB144F46225613750020E68E /* DSCourse+CoreDataProperties.h */,
				AB144F49225613750020E68E /* DSCourse+CoreDataProperties.m */,
				AB144F3B225607FB0020E68E /* DSUniversity+CoreDataClass.h */,
				AB144F3C225607FB0020E68E /* DSUniversity+CoreDataClass.m */,
				AB144F3A225607FB0020E68E /* DSUniversity+CoreDataProperties.h */,
				AB144F3D225607FB0020E68E /* DSUniversity+CoreDataProperties.m */,
				AB144F35225605FC0020E68E /* DSObject+CoreDataClass.h */,
				AB144F36225605FC0020E68E /* DSObject+CoreDataClass.m */,
				AB144F34225605FC0020E68E /* DSObject+CoreDataProperties.h */,
				AB144F37225605FC0020E68E /* DSObject+CoreDataProperties.m */,
				AB144F2F2255F4040020E68E /* DSCar+CoreDataClass.h */,
				AB144F302255F4040020E68E /* DSCar+CoreDataClass.m */,
				AB144F2E2255F4040020E68E /* DSCar+CoreDataProperties.h */,
				AB144F312255F4040020E68E /* DSCar+CoreDataProperties.m */,
				AB144F292255E84E0020E68E /* DSStudent+CoreDataClass.h */,
				AB144F2A2255E84E0020E68E /* DSStudent+CoreDataClass.m */,
				AB144F282255E84E0020E68E /* DSStudent+CoreDataProperties.h */,
				AB144F2B2255E84E0020E68E /* DSStudent+CoreDataProperties.m */,
			);
			path = Model;
			sourceTree = "<group>";
		};
		ABE84BCF2255DF3E00EFA77A = {
			isa = PBXGroup;
			children = (
				ABE84BDA2255DF3E00EFA77A /* SK-Lesson-42 CoreData Part 2 Relationships */,
				ABE84BD92255DF3E00EFA77A /* Products */,
			);
			sourceTree = "<group>";
		};
		ABE84BD92255DF3E00EFA77A /* Products */ = {
			isa = PBXGroup;
			children = (
				ABE84BD82255DF3E00EFA77A /* SK-Lesson-42 CoreData Part 2 Relationships.app */,
			);
			name = Products;
			sourceTree = "<group>";
		};
		ABE84BDA2255DF3E00EFA77A /* SK-Lesson-42 CoreData Part 2 Relationships */ = {
			isa = PBXGroup;
			children = (
				AB144F272255E79C0020E68E /* Model */,
				ABE84BDB2255DF3E00EFA77A /* AppDelegate.h */,
				ABE84BDC2255DF3E00EFA77A /* AppDelegate.m */,
				ABE84BDE2255DF3E00EFA77A /* ViewController.h */,
				ABE84BDF2255DF3E00EFA77A /* ViewController.m */,
				ABE84BE12255DF3E00EFA77A /* Main.storyboard */,
				ABE84BE72255DF4400EFA77A /* Assets.xcassets */,
				ABE84BE92255DF4400EFA77A /* LaunchScreen.storyboard */,
				ABE84BEC2255DF4400EFA77A /* Info.plist */,
				ABE84BED2255DF4400EFA77A /* main.m */,
				ABE84BE42255DF3E00EFA77A /* SK_Lesson_42_CoreData_Part_2_Relationships.xcdatamodeld */,
			);
			path = "SK-Lesson-42 CoreData Part 2 Relationships";
			sourceTree = "<group>";
		};
/* End PBXGroup section */

/* Begin PBXNativeTarget section */
		ABE84BD72255DF3E00EFA77A /* SK-Lesson-42 CoreData Part 2 Relationships */ = {
			isa = PBXNativeTarget;
			buildConfigurationList = ABE84BF12255DF4400EFA77A /* Build configuration list for PBXNativeTarget "SK-Lesson-42 CoreData Part 2 Relationships" */;
			buildPhases = (
				ABE84BD42255DF3E00EFA77A /* Sources */,
				ABE84BD52255DF3E00EFA77A /* Frameworks */,
				ABE84BD62255DF3E00EFA77A /* Resources */,
			);
			buildRules = (
			);
			dependencies = (
			);
			name = "SK-Lesson-42 CoreData Part 2 Relationships";
			productName = "SK-Lesson-42 CoreData Part 2 Relationships";
			productReference = ABE84BD82255DF3E00EFA77A /* SK-Lesson-42 CoreData Part 2 Relationships.app */;
			productType = "com.apple.product-type.application";
		};
/* End PBXNativeTarget section */

/* Begin PBXProject section */
		ABE84BD02255DF3E00EFA77A /* Project object */ = {
			isa = PBXProject;
			attributes = {
				LastUpgradeCheck = 1010;
				ORGANIZATIONNAME = "Dmitry Shapkin";
				TargetAttributes = {
					ABE84BD72255DF3E00EFA77A = {
						CreatedOnToolsVersion = 10.1;
					};
				};
			};
			buildConfigurationList = ABE84BD32255DF3E00EFA77A /* Build configuration list for PBXProject "SK-Lesson-42 CoreData Part 2 Relationships" */;
			compatibilityVersion = "Xcode 9.3";
			developmentRegion = en;
			hasScannedForEncodings = 0;
			knownRegions = (
				en,
				Base,
			);
			mainGroup = ABE84BCF2255DF3E00EFA77A;
			productRefGroup = ABE84BD92255DF3E00EFA77A /* Products */;
			projectDirPath = "";
			projectRoot = "";
			targets = (
				ABE84BD72255DF3E00EFA77A /* SK-Lesson-42 CoreData Part 2 Relationships */,
			);
		};
/* End PBXProject section */

/* Begin PBXResourcesBuildPhase section */
		ABE84BD62255DF3E00EFA77A /* Resources */ = {
			isa = PBXResourcesBuildPhase;
			buildActionMask = 2147483647;
			files = (
				ABE84BEB2255DF4400EFA77A /* LaunchScreen.storyboard in Resources */,
				ABE84BE82255DF4400EFA77A /* Assets.xcassets in Resources */,
				ABE84BE32255DF3E00EFA77A /* Main.storyboard in Resources */,
			);
			runOnlyForDeploymentPostprocessing = 0;
		};
/* End PBXResourcesBuildPhase section */

/* Begin PBXSourcesBuildPhase section */
		ABE84BD42255DF3E00EFA77A /* Sources */ = {
			isa = PBXSourcesBuildPhase;
			buildActionMask = 2147483647;
			files = (
				AB144F38225605FC0020E68E /* DSObject+CoreDataClass.m in Sources */,
				AB144F322255F4040020E68E /* DSCar+CoreDataClass.m in Sources */,
				ABE84BE02255DF3E00EFA77A /* ViewController.m in Sources */,
				AB144F2C2255E84E0020E68E /* DSStudent+CoreDataClass.m in Sources */,
				AB144F3F225607FB0020E68E /* DSUniversity+CoreDataProperties.m in Sources */,
				AB144F2D2255E84E0020E68E /* DSStudent+CoreDataProperties.m in Sources */,
				ABE84BE62255DF3E00EFA77A /* SK_Lesson_42_CoreData_Part_2_Relationships.xcdatamodeld in Sources */,
				AB144F332255F4040020E68E /* DSCar+CoreDataProperties.m in Sources */,
				AB144F3E225607FB0020E68E /* DSUniversity+CoreDataClass.m in Sources */,
				AB144F4B225613750020E68E /* DSCourse+CoreDataProperties.m in Sources */,
				AB144F39225605FC0020E68E /* DSObject+CoreDataProperties.m in Sources */,
				AB144F4A225613750020E68E /* DSCourse+CoreDataClass.m in Sources */,
				ABE84BEE2255DF4400EFA77A /* main.m in Sources */,
				ABE84BDD2255DF3E00EFA77A /* AppDelegate.m in Sources */,
			);
			runOnlyForDeploymentPostprocessing = 0;
		};
/* End PBXSourcesBuildPhase section */

/* Begin PBXVariantGroup section */
		ABE84BE12255DF3E00EFA77A /* Main.storyboard */ = {
			isa = PBXVariantGroup;
			children = (
				ABE84BE22255DF3E00EFA77A /* Base */,
			);
			name = Main.storyboard;
			sourceTree = "<group>";
		};
		ABE84BE92255DF4400EFA77A /* LaunchScreen.storyboard */ = {
			isa = PBXVariantGroup;
			children = (
				ABE84BEA2255DF4400EFA77A /* Base */,
			);
			name = LaunchScreen.storyboard;
			sourceTree = "<group>";
		};
/* End PBXVariantGroup section */

/* Begin XCBuildConfiguration section */
		ABE84BEF2255DF4400EFA77A /* Debug */ = {
			isa = XCBuildConfiguration;
			buildSettings = {
				ALWAYS_SEARCH_USER_PATHS = NO;
				CLANG_ANALYZER_NONNULL = YES;
				CLANG_ANALYZER_NUMBER_OBJECT_CONVERSION = YES_AGGRESSIVE;
				CLANG_CXX_LANGUAGE_STANDARD = "gnu++14";
				CLANG_CXX_LIBRARY = "libc++";
				CLANG_ENABLE_MODULES = YES;
				CLANG_ENABLE_OBJC_ARC = YES;
				CLANG_ENABLE_OBJC_WEAK = YES;
				CLANG_WARN_BLOCK_CAPTURE_AUTORELEASING = YES;
				CLANG_WARN_BOOL_CONVERSION = YES;
				CLANG_WARN_COMMA = YES;
				CLANG_WARN_CONSTANT_CONVERSION = YES;
				CLANG_WARN_DEPRECATED_OBJC_IMPLEMENTATIONS = YES;
				CLANG_WARN_DIRECT_OBJC_ISA_USAGE = YES_ERROR;
				CLANG_WARN_DOCUMENTATION_COMMENTS = YES;
				CLANG_WARN_EMPTY_BODY = YES;
				CLANG_WARN_ENUM_CONVERSION = YES;
				CLANG_WARN_INFINITE_RECURSION = YES;
				CLANG_WARN_INT_CONVERSION = YES;
				CLANG_WARN_NON_LITERAL_NULL_CONVERSION = YES;
				CLANG_WARN_OBJC_IMPLICIT_RETAIN_SELF = YES;
				CLANG_WARN_OBJC_LITERAL_CONVERSION = YES;
				CLANG_WARN_OBJC_ROOT_CLASS = YES_ERROR;
				CLANG_WARN_RANGE_LOOP_ANALYSIS = YES;
				CLANG_WARN_STRICT_PROTOTYPES = YES;
				CLANG_WARN_SUSPICIOUS_MOVE = YES;
				CLANG_WARN_UNGUARDED_AVAILABILITY = YES_AGGRESSIVE;
				CLANG_WARN_UNREACHABLE_CODE = YES;
				CLANG_WARN__DUPLICATE_METHOD_MATCH = YES;
				CODE_SIGN_IDENTITY = "iPhone Developer";
				COPY_PHASE_STRIP = NO;
				DEBUG_INFORMATION_FORMAT = dwarf;
				ENABLE_STRICT_OBJC_MSGSEND = YES;
				ENABLE_TESTABILITY = YES;
				GCC_C_LANGUAGE_STANDARD = gnu11;
				GCC_DYNAMIC_NO_PIC = NO;
				GCC_NO_COMMON_BLOCKS = YES;
				GCC_OPTIMIZATION_LEVEL = 0;
				GCC_PREPROCESSOR_DEFINITIONS = (
					"DEBUG=1",
					"$(inherited)",
				);
				GCC_WARN_64_TO_32_BIT_CONVERSION = YES;
				GCC_WARN_ABOUT_RETURN_TYPE = YES_ERROR;
				GCC_WARN_UNDECLARED_SELECTOR = YES;
				GCC_WARN_UNINITIALIZED_AUTOS = YES_AGGRESSIVE;
				GCC_WARN_UNUSED_FUNCTION = YES;
				GCC_WARN_UNUSED_VARIABLE = YES;
				IPHONEOS_DEPLOYMENT_TARGET = 12.1;
				MTL_ENABLE_DEBUG_INFO = INCLUDE_SOURCE;
				MTL_FAST_MATH = YES;
				ONLY_ACTIVE_ARCH = YES;
				SDKROOT = iphoneos;
			};
			name = Debug;
		};
		ABE84BF02255DF4400EFA77A /* Release */ = {
			isa = XCBuildConfiguration;
			buildSettings = {
				ALWAYS_SEARCH_USER_PATHS = NO;
				CLANG_ANALYZER_NONNULL = YES;
				CLANG_ANALYZER_NUMBER_OBJECT_CONVERSION = YES_AGGRESSIVE;
				CLANG_CXX_LANGUAGE_STANDARD = "gnu++14";
				CLANG_CXX_LIBRARY = "libc++";
				CLANG_ENABLE_MODULES = YES;
				CLANG_ENABLE_OBJC_ARC = YES;
				CLANG_ENABLE_OBJC_WEAK = YES;
				CLANG_WARN_BLOCK_CAPTURE_AUTORELEASING = YES;
				CLANG_WARN_BOOL_CONVERSION = YES;
				CLANG_WARN_COMMA = YES;
				CLANG_WARN_CONSTANT_CONVERSION = YES;
				CLANG_WARN_DEPRECATED_OBJC_IMPLEMENTATIONS = YES;
				CLANG_WARN_DIRECT_OBJC_ISA_USAGE = YES_ERROR;
				CLANG_WARN_DOCUMENTATION_COMMENTS = YES;
				CLANG_WARN_EMPTY_BODY = YES;
				CLANG_WARN_ENUM_CONVERSION = YES;
				CLANG_WARN_INFINITE_RECURSION = YES;
				CLANG_WARN_INT_CONVERSION = YES;
				CLANG_WARN_NON_LITERAL_NULL_CONVERSION = YES;
				CLANG_WARN_OBJC_IMPLICIT_RETAIN_SELF = YES;
				CLANG_WARN_OBJC_LITERAL_CONVERSION = YES;
				CLANG_WARN_OBJC_ROOT_CLASS = YES_ERROR;
				CLANG_WARN_RANGE_LOOP_ANALYSIS = YES;
				CLANG_WARN_STRICT_PROTOTYPES = YES;
				CLANG_WARN_SUSPICIOUS_MOVE = YES;
				CLANG_WARN_UNGUARDED_AVAILABILITY = YES_AGGRESSIVE;
				CLANG_WARN_UNREACHABLE_CODE = YES;
				CLANG_WARN__DUPLICATE_METHOD_MATCH = YES;
				CODE_SIGN_IDENTITY = "iPhone Developer";
				COPY_PHASE_STRIP = NO;
				DEBUG_INFORMATION_FORMAT = "dwarf-with-dsym";
				ENABLE_NS_ASSERTIONS = NO;
				ENABLE_STRICT_OBJC_MSGSEND = YES;
				GCC_C_LANGUAGE_STANDARD = gnu11;
				GCC_NO_COMMON_BLOCKS = YES;
				GCC_WARN_64_TO_32_BIT_CONVERSION = YES;
				GCC_WARN_ABOUT_RETURN_TYPE = YES_ERROR;
				GCC_WARN_UNDECLARED_SELECTOR = YES;
				GCC_WARN_UNINITIALIZED_AUTOS = YES_AGGRESSIVE;
				GCC_WARN_UNUSED_FUNCTION = YES;
				GCC_WARN_UNUSED_VARIABLE = YES;
				IPHONEOS_DEPLOYMENT_TARGET = 12.1;
				MTL_ENABLE_DEBUG_INFO = NO;
				MTL_FAST_MATH = YES;
				SDKROOT = iphoneos;
				VALIDATE_PRODUCT = YES;
			};
			name = Release;
		};
		ABE84BF22255DF4400EFA77A /* Debug */ = {
			isa = XCBuildConfiguration;
			buildSettings = {
				ASSETCATALOG_COMPILER_APPICON_NAME = AppIcon;
				CODE_SIGN_STYLE = Automatic;
				DEVELOPMENT_TEAM = N52WYVQTKK;
				INFOPLIST_FILE = "SK-Lesson-42 CoreData Part 2 Relationships/Info.plist";
				LD_RUNPATH_SEARCH_PATHS = (
					"$(inherited)",
					"@executable_path/Frameworks",
				);
				PRODUCT_BUNDLE_IDENTIFIER = "ru.shapkindev.SK-Lesson-42-CoreData-Part-2-Relationships";
				PRODUCT_NAME = "$(TARGET_NAME)";
				TARGETED_DEVICE_FAMILY = "1,2";
			};
			name = Debug;
		};
		ABE84BF32255DF4400EFA77A /* Release */ = {
			isa = XCBuildConfiguration;
			buildSettings = {
				ASSETCATALOG_COMPILER_APPICON_NAME = AppIcon;
				CODE_SIGN_STYLE = Automatic;
				DEVELOPMENT_TEAM = N52WYVQTKK;
				INFOPLIST_FILE = "SK-Lesson-42 CoreData Part 2 Relationships/Info.plist";
				LD_RUNPATH_SEARCH_PATHS = (
					"$(inherited)",
					"@executable_path/Frameworks",
				);
				PRODUCT_BUNDLE_IDENTIFIER = "ru.shapkindev.SK-Lesson-42-CoreData-Part-2-Relationships";
				PRODUCT_NAME = "$(TARGET_NAME)";
				TARGETED_DEVICE_FAMILY = "1,2";
			};
			name = Release;
		};
/* End XCBuildConfiguration section */

/* Begin XCConfigurationList section */
		ABE84BD32255DF3E00EFA77A /* Build configuration list for PBXProject "SK-Lesson-42 CoreData Part 2 Relationships" */ = {
			isa = XCConfigurationList;
			buildConfigurations = (
				ABE84BEF2255DF4400EFA77A /* Debug */,
				ABE84BF02255DF4400EFA77A /* Release */,
			);
			defaultConfigurationIsVisible = 0;
			defaultConfigurationName = Release;
		};
		ABE84BF12255DF4400EFA77A /* Build configuration list for PBXNativeTarget "SK-Lesson-42 CoreData Part 2 Relationships" */ = {
			isa = XCConfigurationList;
			buildConfigurations = (
				ABE84BF22255DF4400EFA77A /* Debug */,
				ABE84BF32255DF4400EFA77A /* Release */,
			);
			defaultConfigurationIsVisible = 0;
			defaultConfigurationName = Release;
		};
/* End XCConfigurationList section */

/* Begin XCVersionGroup section */
		ABE84BE42255DF3E00EFA77A /* SK_Lesson_42_CoreData_Part_2_Relationships.xcdatamodeld */ = {
			isa = XCVersionGroup;
			children = (
				ABE84BE52255DF3E00EFA77A /* SK_Lesson_42_CoreData_Part_2_Relationships.xcdatamodel */,
			);
			currentVersion = ABE84BE52255DF3E00EFA77A /* SK_Lesson_42_CoreData_Part_2_Relationships.xcdatamodel */;
			path = SK_Lesson_42_CoreData_Part_2_Relationships.xcdatamodeld;
			sourceTree = "<group>";
			versionGroupType = wrapper.xcdatamodel;
		};
/* End XCVersionGroup section */
	};
	rootObject = ABE84BD02255DF3E00EFA77A /* Project object */;
}
